{
  "name": "@hexiongwu1995/my-template",
  "version": "0.1.0",
  "lockfileVersion": 3,
  "requires": true,
  "packages": {
    "": {
      "name": "@hexiongwu1995/my-template",
      "version": "0.1.0",
      "license": "MIT",
      "dependencies": {
        "@hexiongwu1995/my-template": "^0.1.0"
      }
    },
    "node_modules/@hexiongwu1995/my-template": {
      "version": "0.1.0",
      "resolved": "https://registry.npmjs.org/@hexiongwu1995/my-template/-/my-template-0.1.0.tgz",
      "integrity": "sha512-WU/rsZOr6PS43Qs2au2b3updy15Ym0q1frPaNgSMp0TB6NYiIstMD0iknfdEWEQJz6ocMy1BiyjzpPm96dkDgw==",
      "license": "MIT"
    }
  }
}
